{
  "name": "gift-card-api-sample-app",
  "version": "1.0.0",
  "lockfileVersion": 1,
  "requires": true,
  "dependencies": {
    "@apimatic/core": {
      "version": "0.6.1",
      "resolved": "https://artifactory.global.square/artifactory/api/npm/square-npm/@apimatic/core/-/core-0.6.1.tgz",
      "integrity": "sha1-3Mn4LEj+msT5E6rIHZ6s/WFY8EM=",
      "requires": {
        "@apimatic/schema": "^0.6.0",
        "axios": "^0.21.1",
        "detect-node": "^2.0.4",
        "form-data": "^3.0.0",
        "json-bigint": "^1.0.0",
        "lodash.flatmap": "^4.5.0",
        "tiny-warning": "^1.0.3",
        "tslib": "^2.1.0"
      }
    },
    "@apimatic/schema": {
      "version": "0.6.0",
      "resolved": "https://artifactory.global.square/artifactory/api/npm/square-npm/@apimatic/schema/-/schema-0.6.0.tgz",
      "integrity": "sha1-sjnzjA4NhQm8Kd+/2YRS1xz2hhc=",
      "requires": {
        "tslib": "^2.1.0"
      }
    },
    "@types/node": {
      "version": "14.17.1",
      "resolved": "https://artifactory.global.square/artifactory/api/npm/square-npm/@types/node/-/node-14.17.1.tgz",
      "integrity": "sha1-Xgfgyy/3k6p6G0HernYiHmFmBJ8="
    },
    "asynckit": {
      "version": "0.4.0",
      "resolved": "https://artifactory.global.square/artifactory/api/npm/square-npm/asynckit/-/asynckit-0.4.0.tgz",
      "integrity": "sha1-x57Zf380y48robyXkLzDZkdLS3k="
    },
    "axios": {
      "version": "0.21.1",
      "resolved": "https://artifactory.global.square/artifactory/api/npm/square-npm/axios/-/axios-0.21.1.tgz",
      "integrity": "sha1-IlY0gZYvTWvemnbVFu8OXTwJsrg=",
      "requires": {
        "follow-redirects": "^1.10.0"
      }
    },
    "bignumber.js": {
      "version": "9.0.1",
      "resolved": "https://artifactory.global.square/artifactory/api/npm/square-npm/bignumber.js/-/bignumber.js-9.0.1.tgz",
      "integrity": "sha1-jXuhJMiCv9jkMmDGdHVRjQaJ5OU="
    },
    "combined-stream": {
      "version": "1.0.8",
      "resolved": "https://artifactory.global.square/artifactory/api/npm/square-npm/combined-stream/-/combined-stream-1.0.8.tgz",
      "integrity": "sha1-w9RaizT9cwYxoRCoolIGgrMdWn8=",
      "requires": {
        "delayed-stream": "~1.0.0"
      }
    },
    "delayed-stream": {
      "version": "1.0.0",
      "resolved": "https://artifactory.global.square/artifactory/api/npm/square-npm/delayed-stream/-/delayed-stream-1.0.0.tgz",
      "integrity": "sha1-3zrhmayt+31ECqrgsp4icrJOxhk="
    },
    "detect-node": {
      "version": "2.1.0",
      "resolved": "https://artifactory.global.square/artifactory/api/npm/square-npm/detect-node/-/detect-node-2.1.0.tgz",
      "integrity": "sha1-yccHdaScPQO8LAbZpzvlUPl4+LE="
    },
    "follow-redirects": {
      "version": "1.14.1",
      "resolved": "https://artifactory.global.square/artifactory/api/npm/square-npm/follow-redirects/-/follow-redirects-1.14.1.tgz",
      "integrity": "sha1-2RFN7Qoc/dM04WTmZirQK/2R/0M="
    },
    "form-data": {
      "version": "3.0.1",
      "resolved": "https://artifactory.global.square/artifactory/api/npm/square-npm/form-data/-/form-data-3.0.1.tgz",
      "integrity": "sha1-69U3kbeDVqma+aMA1CgsTV65dV8=",
      "requires": {
        "asynckit": "^0.4.0",
        "combined-stream": "^1.0.8",
        "mime-types": "^2.1.12"
      }
    },
    "json-bigint": {
      "version": "1.0.0",
      "resolved": "https://artifactory.global.square/artifactory/api/npm/square-npm/json-bigint/-/json-bigint-1.0.0.tgz",
      "integrity": "sha1-rlR4I6wMrYOYZn+M2e9HMPWwH/E=",
      "requires": {
        "bignumber.js": "^9.0.0"
      }
    },
    "lodash.flatmap": {
      "version": "4.5.0",
      "resolved": "https://artifactory.global.square/artifactory/api/npm/square-npm/lodash.flatmap/-/lodash.flatmap-4.5.0.tgz",
      "integrity": "sha1-74y/QI9uSCaGYzRTBcaswLd4cC4="
    },
    "mime-db": {
      "version": "1.47.0",
      "resolved": "https://artifactory.global.square/artifactory/api/npm/square-npm/mime-db/-/mime-db-1.47.0.tgz",
      "integrity": "sha1-jLMT5Zll08Bc+/iYkVomevRqM1w="
    },
    "mime-types": {
      "version": "2.1.30",
      "resolved": "https://artifactory.global.square/artifactory/api/npm/square-npm/mime-types/-/mime-types-2.1.30.tgz",
      "integrity": "sha1-bnvotMR5gl+F7WMmaV23P5MF1i0=",
      "requires": {
        "mime-db": "1.47.0"
      }
    },
    "square": {
      "version": "11.0.0-alpha.1",
      "resolved": "https://artifactory.global.square/artifactory/api/npm/square-npm/square/-/square-11.0.0-alpha.1.tgz",
      "integrity": "sha1-DjYN0V5LyvgACUTn3xYwGvPOlOQ=",
      "requires": {
        "@apimatic/core": "^0.6.1",
        "@apimatic/schema": "^0.6.0",
        "@types/node": "^14.14.30",
        "json-bigint": "^1.0.0"
      }
    },
    "tiny-warning": {
      "version": "1.0.3",
      "resolved": "https://artifactory.global.square/artifactory/api/npm/square-npm/tiny-warning/-/tiny-warning-1.0.3.tgz",
      "integrity": "sha1-lKMNtFPfTGQ9D9VmBg1gqHXYR1Q="
    },
    "tslib": {
      "version": "2.2.0",
      "resolved": "https://artifactory.global.square/artifactory/api/npm/square-npm/tslib/-/tslib-2.2.0.tgz",
      "integrity": "sha1-+yxHWXfjXiQTEe3iaTzuHsZpj1w="
    }
  }
}
