
Microsoft Visual Studio Solution File, Format Version 12.00
# Visual Studio 2012
Project("{FAE04EC0-301F-11D3-BF4B-00C04F79EFBC}") = "CSharpPaymentExample", "CSharpPaymentExample.csproj", "{87E78DC5-DAC9-4B5D-9884-F8F693EA1FC5}"
EndProject
Global
	GlobalSection(SolutionConfigurationPlatforms) = preSolution
		Debug|Any CPU = Debug|Any CPU
		Release|Any CPU = Release|Any CPU
	EndGlobalSection
	GlobalSection(ProjectConfigurationPlatforms) = postSolution
		{87E78DC5-DAC9-4B5D-9884-F8F693EA1FC5}.Debug|Any CPU.ActiveCfg = Debug|Any CPU
		{87E78DC5-DAC9-4B5D-9884-F8F693EA1FC5}.Debug|Any CPU.Build.0 = Debug|Any CPU
		{87E78DC5-DAC9-4B5D-9884-F8F693EA1FC5}.Release|Any CPU.ActiveCfg = Release|Any CPU
		{87E78DC5-DAC9-4B5D-9884-F8F693EA1FC5}.Release|Any CPU.Build.0 = Release|Any CPU
	EndGlobalSection
EndGlobal
