
Microsoft Visual Studio Solution File, Format Version 12.00
# Visual Studio 2017
Project("{FAE04EC0-301F-11D3-BF4B-00C04F79EFBC}") = "sqRazorSample", "sqRazorSample.csproj", "{23D2DB23-1007-4A41-B04F-C3CE987C50F7}"
EndProject
Global
	GlobalSection(SolutionConfigurationPlatforms) = preSolution
		Debug|Any CPU = Debug|Any CPU
		Release|Any CPU = Release|Any CPU
	EndGlobalSection
	GlobalSection(ProjectConfigurationPlatforms) = postSolution
		{23D2DB23-1007-4A41-B04F-C3CE987C50F7}.Debug|Any CPU.ActiveCfg = Debug|Any CPU
		{23D2DB23-1007-4A41-B04F-C3CE987C50F7}.Debug|Any CPU.Build.0 = Debug|Any CPU
		{23D2DB23-1007-4A41-B04F-C3CE987C50F7}.Release|Any CPU.ActiveCfg = Release|Any CPU
		{23D2DB23-1007-4A41-B04F-C3CE987C50F7}.Release|Any CPU.Build.0 = Release|Any CPU
		{4A65C772-5862-4E64-B742-0C6997700CD8}.Debug|Any CPU.ActiveCfg = Debug|Any CPU
		{4A65C772-5862-4E64-B742-0C6997700CD8}.Debug|Any CPU.Build.0 = Debug|Any CPU
		{4A65C772-5862-4E64-B742-0C6997700CD8}.Release|Any CPU.ActiveCfg = Release|Any CPU
		{4A65C772-5862-4E64-B742-0C6997700CD8}.Release|Any CPU.Build.0 = Release|Any CPU
	EndGlobalSection
EndGlobal
